// !$*UTF8*$!
{
	archiveVersion = 1;
	classes = {
	};
	objectVersion = 51;
	objects = {

/* Begin PBXBuildFile section */
		0E925906CB158F29B3D80C0C /* Pods_weatherAppChallange.framework in Frameworks */ = {isa = PBXBuildFile; fileRef = F98E01CF1639ED1C3B3FE2C5 /* Pods_weatherAppChallange.framework */; };
		D7310BA625D70C670057AAF0 /* AppDelegate.swift in Sources */ = {isa = PBXBuildFile; fileRef = D7310BA525D70C670057AAF0 /* AppDelegate.swift */; };
		D7310BA825D70C670057AAF0 /* SceneDelegate.swift in Sources */ = {isa = PBXBuildFile; fileRef = D7310BA725D70C670057AAF0 /* SceneDelegate.swift */; };
		D7310BAA25D70C670057AAF0 /* ViewController.swift in Sources */ = {isa = PBXBuildFile; fileRef = D7310BA925D70C670057AAF0 /* ViewController.swift */; };
		D7310BAD25D70C670057AAF0 /* Main.storyboard in Resources */ = {isa = PBXBuildFile; fileRef = D7310BAB25D70C670057AAF0 /* Main.storyboard */; };
		D7310BAF25D70C690057AAF0 /* Assets.xcassets in Resources */ = {isa = PBXBuildFile; fileRef = D7310BAE25D70C690057AAF0 /* Assets.xcassets */; };
		D7310BB225D70C690057AAF0 /* LaunchScreen.storyboard in Resources */ = {isa = PBXBuildFile; fileRef = D7310BB025D70C690057AAF0 /* LaunchScreen.storyboard */; };
		D7310BC925D7122A0057AAF0 /* openWeatherDataModel.swift in Sources */ = {isa = PBXBuildFile; fileRef = D7310BC825D7122A0057AAF0 /* openWeatherDataModel.swift */; };
		D7310BD125D715310057AAF0 /* Utils.swift in Sources */ = {isa = PBXBuildFile; fileRef = D7310BD025D715310057AAF0 /* Utils.swift */; };
		D7310BF125D7EF170057AAF0 /* FiveDayForecastViewModel.swift in Sources */ = {isa = PBXBuildFile; fileRef = D7310BF025D7EF170057AAF0 /* FiveDayForecastViewModel.swift */; };
		D7310BFB25D87D700057AAF0 /* DailyForecast.xib in Resources */ = {isa = PBXBuildFile; fileRef = D7310BFA25D87D700057AAF0 /* DailyForecast.xib */; };
		D7310BFE25D88C200057AAF0 /* DailyForecast.swift in Sources */ = {isa = PBXBuildFile; fileRef = D7310BFD25D88C200057AAF0 /* DailyForecast.swift */; };
/* End PBXBuildFile section */

/* Begin PBXFileReference section */
		C3FAE921DC2F50EC8803F7CF /* Pods-weatherAppChallange.debug.xcconfig */ = {isa = PBXFileReference; includeInIndex = 1; lastKnownFileType = text.xcconfig; name = "Pods-weatherAppChallange.debug.xcconfig"; path = "Target Support Files/Pods-weatherAppChallange/Pods-weatherAppChallange.debug.xcconfig"; sourceTree = "<group>"; };
		D7310BA225D70C670057AAF0 /* weatherAppChallange.app */ = {isa = PBXFileReference; explicitFileType = wrapper.application; includeInIndex = 0; path = weatherAppChallange.app; sourceTree = BUILT_PRODUCTS_DIR; };
		D7310BA525D70C670057AAF0 /* AppDelegate.swift */ = {isa = PBXFileReference; lastKnownFileType = sourcecode.swift; path = AppDelegate.swift; sourceTree = "<group>"; };
		D7310BA725D70C670057AAF0 /* SceneDelegate.swift */ = {isa = PBXFileReference; lastKnownFileType = sourcecode.swift; path = SceneDelegate.swift; sourceTree = "<group>"; };
		D7310BA925D70C670057AAF0 /* ViewController.swift */ = {isa = PBXFileReference; lastKnownFileType = sourcecode.swift; path = ViewController.swift; sourceTree = "<group>"; };
		D7310BAC25D70C670057AAF0 /* Base */ = {isa = PBXFileReference; lastKnownFileType = file.storyboard; name = Base; path = Base.lproj/Main.storyboard; sourceTree = "<group>"; };
		D7310BAE25D70C690057AAF0 /* Assets.xcassets */ = {isa = PBXFileReference; lastKnownFileType = folder.assetcatalog; path = Assets.xcassets; sourceTree = "<group>"; };
		D7310BB125D70C690057AAF0 /* Base */ = {isa = PBXFileReference; lastKnownFileType = file.storyboard; name = Base; path = Base.lproj/LaunchScreen.storyboard; sourceTree = "<group>"; };
		D7310BB325D70C690057AAF0 /* Info.plist */ = {isa = PBXFileReference; lastKnownFileType = text.plist.xml; path = Info.plist; sourceTree = "<group>"; };
		D7310BC825D7122A0057AAF0 /* openWeatherDataModel.swift */ = {isa = PBXFileReference; lastKnownFileType = sourcecode.swift; path = openWeatherDataModel.swift; sourceTree = "<group>"; };
		D7310BD025D715310057AAF0 /* Utils.swift */ = {isa = PBXFileReference; lastKnownFileType = sourcecode.swift; path = Utils.swift; sourceTree = "<group>"; };
		D7310BF025D7EF170057AAF0 /* FiveDayForecastViewModel.swift */ = {isa = PBXFileReference; lastKnownFileType = sourcecode.swift; path = FiveDayForecastViewModel.swift; sourceTree = "<group>"; };
		D7310BFA25D87D700057AAF0 /* DailyForecast.xib */ = {isa = PBXFileReference; lastKnownFileType = file.xib; path = DailyForecast.xib; sourceTree = "<group>"; };
		D7310BFD25D88C200057AAF0 /* DailyForecast.swift */ = {isa = PBXFileReference; lastKnownFileType = sourcecode.swift; path = DailyForecast.swift; sourceTree = "<group>"; };
		F6E598B8D4CE690626BEFDCC /* Pods-weatherAppChallange.release.xcconfig */ = {isa = PBXFileReference; includeInIndex = 1; lastKnownFileType = text.xcconfig; name = "Pods-weatherAppChallange.release.xcconfig"; path = "Target Support Files/Pods-weatherAppChallange/Pods-weatherAppChallange.release.xcconfig"; sourceTree = "<group>"; };
		F98E01CF1639ED1C3B3FE2C5 /* Pods_weatherAppChallange.framework */ = {isa = PBXFileReference; explicitFileType = wrapper.framework; includeInIndex = 0; path = Pods_weatherAppChallange.framework; sourceTree = BUILT_PRODUCTS_DIR; };
/* End PBXFileReference section */

/* Begin PBXFrameworksBuildPhase section */
		D7310B9F25D70C670057AAF0 /* Frameworks */ = {
			isa = PBXFrameworksBuildPhase;
			buildActionMask = 2147483647;
			files = (
				0E925906CB158F29B3D80C0C /* Pods_weatherAppChallange.framework in Frameworks */,
			);
			runOnlyForDeploymentPostprocessing = 0;
		};
/* End PBXFrameworksBuildPhase section */

/* Begin PBXGroup section */
		508F540A086812C18BAC8167 /* Pods */ = {
			isa = PBXGroup;
			children = (
				C3FAE921DC2F50EC8803F7CF /* Pods-weatherAppChallange.debug.xcconfig */,
				F6E598B8D4CE690626BEFDCC /* Pods-weatherAppChallange.release.xcconfig */,
			);
			path = Pods;
			sourceTree = "<group>";
		};
		B55AAE56E5D994976D6EDF43 /* Frameworks */ = {
			isa = PBXGroup;
			children = (
				F98E01CF1639ED1C3B3FE2C5 /* Pods_weatherAppChallange.framework */,
			);
			name = Frameworks;
			sourceTree = "<group>";
		};
		D7310B9925D70C670057AAF0 = {
			isa = PBXGroup;
			children = (
				D7310BA425D70C670057AAF0 /* weatherAppChallange */,
				D7310BA325D70C670057AAF0 /* Products */,
				508F540A086812C18BAC8167 /* Pods */,
				B55AAE56E5D994976D6EDF43 /* Frameworks */,
			);
			sourceTree = "<group>";
		};
		D7310BA325D70C670057AAF0 /* Products */ = {
			isa = PBXGroup;
			children = (
				D7310BA225D70C670057AAF0 /* weatherAppChallange.app */,
			);
			name = Products;
			sourceTree = "<group>";
		};
		D7310BA425D70C670057AAF0 /* weatherAppChallange */ = {
			isa = PBXGroup;
			children = (
				D7310BA525D70C670057AAF0 /* AppDelegate.swift */,
				D7310BA725D70C670057AAF0 /* SceneDelegate.swift */,
				D7310BD025D715310057AAF0 /* Utils.swift */,
				D7310BCE25D7127B0057AAF0 /* ViewControllers */,
				D7310BCC25D712530057AAF0 /* storyboards */,
				D7310BC725D712070057AAF0 /* DataModels */,
				D7310BD425D7177F0057AAF0 /* ViewModels */,
				D7310BAE25D70C690057AAF0 /* Assets.xcassets */,
				D7310BB025D70C690057AAF0 /* LaunchScreen.storyboard */,
				D7310BB325D70C690057AAF0 /* Info.plist */,
			);
			path = weatherAppChallange;
			sourceTree = "<group>";
		};
		D7310BC725D712070057AAF0 /* DataModels */ = {
			isa = PBXGroup;
			children = (
				D7310BC825D7122A0057AAF0 /* openWeatherDataModel.swift */,
			);
			path = DataModels;
			sourceTree = "<group>";
		};
		D7310BCC25D712530057AAF0 /* storyboards */ = {
			isa = PBXGroup;
			children = (
				D7310BAB25D70C670057AAF0 /* Main.storyboard */,
				D7310BFA25D87D700057AAF0 /* DailyForecast.xib */,
			);
			path = storyboards;
			sourceTree = "<group>";
		};
		D7310BCE25D7127B0057AAF0 /* ViewControllers */ = {
			isa = PBXGroup;
			children = (
				D7310BA925D70C670057AAF0 /* ViewController.swift */,
				D7310BFD25D88C200057AAF0 /* DailyForecast.swift */,
			);
			path = ViewControllers;
			sourceTree = "<group>";
		};
		D7310BD425D7177F0057AAF0 /* ViewModels */ = {
			isa = PBXGroup;
			children = (
				D7310BF025D7EF170057AAF0 /* FiveDayForecastViewModel.swift */,
			);
			path = ViewModels;
			sourceTree = "<group>";
		};
/* End PBXGroup section */

/* Begin PBXNativeTarget section */
		D7310BA125D70C670057AAF0 /* weatherAppChallange */ = {
			isa = PBXNativeTarget;
			buildConfigurationList = D7310BB625D70C690057AAF0 /* Build configuration list for PBXNativeTarget "weatherAppChallange" */;
			buildPhases = (
				3AB1526AB81050DF58975017 /* [CP] Check Pods Manifest.lock */,
				D7310B9E25D70C670057AAF0 /* Sources */,
				D7310B9F25D70C670057AAF0 /* Frameworks */,
				D7310BA025D70C670057AAF0 /* Resources */,
				CBACD3D30AC31485521C785A /* [CP] Embed Pods Frameworks */,
			);
			buildRules = (
			);
			dependencies = (
			);
			name = weatherAppChallange;
			productName = weatherAppChallange;
			productReference = D7310BA225D70C670057AAF0 /* weatherAppChallange.app */;
			productType = "com.apple.product-type.application";
		};
/* End PBXNativeTarget section */

/* Begin PBXProject section */
		D7310B9A25D70C670057AAF0 /* Project object */ = {
			isa = PBXProject;
			attributes = {
				LastSwiftUpdateCheck = 1230;
				LastUpgradeCheck = 1230;
				TargetAttributes = {
					D7310BA125D70C670057AAF0 = {
						CreatedOnToolsVersion = 12.3;
					};
				};
			};
			buildConfigurationList = D7310B9D25D70C670057AAF0 /* Build configuration list for PBXProject "weatherAppChallange" */;
			compatibilityVersion = "Xcode 9.3";
			developmentRegion = en;
			hasScannedForEncodings = 0;
			knownRegions = (
				en,
				Base,
			);
			mainGroup = D7310B9925D70C670057AAF0;
			productRefGroup = D7310BA325D70C670057AAF0 /* Products */;
			projectDirPath = "";
			projectRoot = "";
			targets = (
				D7310BA125D70C670057AAF0 /* weatherAppChallange */,
			);
		};
/* End PBXProject section */

/* Begin PBXResourcesBuildPhase section */
		D7310BA025D70C670057AAF0 /* Resources */ = {
			isa = PBXResourcesBuildPhase;
			buildActionMask = 2147483647;
			files = (
				D7310BFB25D87D700057AAF0 /* DailyForecast.xib in Resources */,
				D7310BB225D70C690057AAF0 /* LaunchScreen.storyboard in Resources */,
				D7310BAF25D70C690057AAF0 /* Assets.xcassets in Resources */,
				D7310BAD25D70C670057AAF0 /* Main.storyboard in Resources */,
			);
			runOnlyForDeploymentPostprocessing = 0;
		};
/* End PBXResourcesBuildPhase section */

/* Begin PBXShellScriptBuildPhase section */
		3AB1526AB81050DF58975017 /* [CP] Check Pods Manifest.lock */ = {
			isa = PBXShellScriptBuildPhase;
			buildActionMask = 2147483647;
			files = (
			);
			inputFileListPaths = (
			);
			inputPaths = (
				"${PODS_PODFILE_DIR_PATH}/Podfile.lock",
				"${PODS_ROOT}/Manifest.lock",
			);
			name = "[CP] Check Pods Manifest.lock";
			outputFileListPaths = (
			);
			outputPaths = (
				"$(DERIVED_FILE_DIR)/Pods-weatherAppChallange-checkManifestLockResult.txt",
			);
			runOnlyForDeploymentPostprocessing = 0;
			shellPath = /bin/sh;
			shellScript = "diff \"${PODS_PODFILE_DIR_PATH}/Podfile.lock\" \"${PODS_ROOT}/Manifest.lock\" > /dev/null\nif [ $? != 0 ] ; then\n    # print error to STDERR\n    echo \"error: The sandbox is not in sync with the Podfile.lock. Run 'pod install' or update your CocoaPods installation.\" >&2\n    exit 1\nfi\n# This output is used by Xcode 'outputs' to avoid re-running this script phase.\necho \"SUCCESS\" > \"${SCRIPT_OUTPUT_FILE_0}\"\n";
			showEnvVarsInLog = 0;
		};
		CBACD3D30AC31485521C785A /* [CP] Embed Pods Frameworks */ = {
			isa = PBXShellScriptBuildPhase;
			buildActionMask = 2147483647;
			files = (
			);
			inputFileListPaths = (
				"${PODS_ROOT}/Target Support Files/Pods-weatherAppChallange/Pods-weatherAppChallange-frameworks-${CONFIGURATION}-input-files.xcfilelist",
			);
			name = "[CP] Embed Pods Frameworks";
			outputFileListPaths = (
				"${PODS_ROOT}/Target Support Files/Pods-weatherAppChallange/Pods-weatherAppChallange-frameworks-${CONFIGURATION}-output-files.xcfilelist",
			);
			runOnlyForDeploymentPostprocessing = 0;
			shellPath = /bin/sh;
			shellScript = "\"${PODS_ROOT}/Target Support Files/Pods-weatherAppChallange/Pods-weatherAppChallange-frameworks.sh\"\n";
			showEnvVarsInLog = 0;
		};
/* End PBXShellScriptBuildPhase section */

/* Begin PBXSourcesBuildPhase section */
		D7310B9E25D70C670057AAF0 /* Sources */ = {
			isa = PBXSourcesBuildPhase;
			buildActionMask = 2147483647;
			files = (
				D7310BFE25D88C200057AAF0 /* DailyForecast.swift in Sources */,
				D7310BD125D715310057AAF0 /* Utils.swift in Sources */,
				D7310BAA25D70C670057AAF0 /* ViewController.swift in Sources */,
				D7310BA625D70C670057AAF0 /* AppDelegate.swift in Sources */,
				D7310BC925D7122A0057AAF0 /* openWeatherDataModel.swift in Sources */,
				D7310BF125D7EF170057AAF0 /* FiveDayForecastViewModel.swift in Sources */,
				D7310BA825D70C670057AAF0 /* SceneDelegate.swift in Sources */,
			);
			runOnlyForDeploymentPostprocessing = 0;
		};
/* End PBXSourcesBuildPhase section */

/* Begin PBXVariantGroup section */
		D7310BAB25D70C670057AAF0 /* Main.storyboard */ = {
			isa = PBXVariantGroup;
			children = (
				D7310BAC25D70C670057AAF0 /* Base */,
			);
			name = Main.storyboard;
			sourceTree = "<group>";
		};
		D7310BB025D70C690057AAF0 /* LaunchScreen.storyboard */ = {
			isa = PBXVariantGroup;
			children = (
				D7310BB125D70C690057AAF0 /* Base */,
			);
			name = LaunchScreen.storyboard;
			sourceTree = "<group>";
		};
/* End PBXVariantGroup section */

/* Begin XCBuildConfiguration section */
		D7310BB425D70C690057AAF0 /* Debug */ = {
			isa = XCBuildConfiguration;
			buildSettings = {
				ALWAYS_SEARCH_USER_PATHS = NO;
				CLANG_ANALYZER_NONNULL = YES;
				CLANG_ANALYZER_NUMBER_OBJECT_CONVERSION = YES_AGGRESSIVE;
				CLANG_CXX_LANGUAGE_STANDARD = "gnu++14";
				CLANG_CXX_LIBRARY = "libc++";
				CLANG_ENABLE_MODULES = YES;
				CLANG_ENABLE_OBJC_ARC = YES;
				CLANG_ENABLE_OBJC_WEAK = YES;
				CLANG_WARN_BLOCK_CAPTURE_AUTORELEASING = YES;
				CLANG_WARN_BOOL_CONVERSION = YES;
				CLANG_WARN_COMMA = YES;
				CLANG_WARN_CONSTANT_CONVERSION = YES;
				CLANG_WARN_DEPRECATED_OBJC_IMPLEMENTATIONS = YES;
				CLANG_WARN_DIRECT_OBJC_ISA_USAGE = YES_ERROR;
				CLANG_WARN_DOCUMENTATION_COMMENTS = YES;
				CLANG_WARN_EMPTY_BODY = YES;
				CLANG_WARN_ENUM_CONVERSION = YES;
				CLANG_WARN_INFINITE_RECURSION = YES;
				CLANG_WARN_INT_CONVERSION = YES;
				CLANG_WARN_NON_LITERAL_NULL_CONVERSION = YES;
				CLANG_WARN_OBJC_IMPLICIT_RETAIN_SELF = YES;
				CLANG_WARN_OBJC_LITERAL_CONVERSION = YES;
				CLANG_WARN_OBJC_ROOT_CLASS = YES_ERROR;
				CLANG_WARN_QUOTED_INCLUDE_IN_FRAMEWORK_HEADER = YES;
				CLANG_WARN_RANGE_LOOP_ANALYSIS = YES;
				CLANG_WARN_STRICT_PROTOTYPES = YES;
				CLANG_WARN_SUSPICIOUS_MOVE = YES;
				CLANG_WARN_UNGUARDED_AVAILABILITY = YES_AGGRESSIVE;
				CLANG_WARN_UNREACHABLE_CODE = YES;
				CLANG_WARN__DUPLICATE_METHOD_MATCH = YES;
				COPY_PHASE_STRIP = NO;
				DEBUG_INFORMATION_FORMAT = dwarf;
				ENABLE_STRICT_OBJC_MSGSEND = YES;
				ENABLE_TESTABILITY = YES;
				GCC_C_LANGUAGE_STANDARD = gnu11;
				GCC_DYNAMIC_NO_PIC = NO;
				GCC_NO_COMMON_BLOCKS = YES;
				GCC_OPTIMIZATION_LEVEL = 0;
				GCC_PREPROCESSOR_DEFINITIONS = (
					"DEBUG=1",
					"$(inherited)",
				);
				GCC_WARN_64_TO_32_BIT_CONVERSION = YES;
				GCC_WARN_ABOUT_RETURN_TYPE = YES_ERROR;
				GCC_WARN_UNDECLARED_SELECTOR = YES;
				GCC_WARN_UNINITIALIZED_AUTOS = YES_AGGRESSIVE;
				GCC_WARN_UNUSED_FUNCTION = YES;
				GCC_WARN_UNUSED_VARIABLE = YES;
				IPHONEOS_DEPLOYMENT_TARGET = 14.3;
				MTL_ENABLE_DEBUG_INFO = INCLUDE_SOURCE;
				MTL_FAST_MATH = YES;
				ONLY_ACTIVE_ARCH = YES;
				SDKROOT = iphoneos;
				SWIFT_ACTIVE_COMPILATION_CONDITIONS = DEBUG;
				SWIFT_OPTIMIZATION_LEVEL = "-Onone";
			};
			name = Debug;
		};
		D7310BB525D70C690057AAF0 /* Release */ = {
			isa = XCBuildConfiguration;
			buildSettings = {
				ALWAYS_SEARCH_USER_PATHS = NO;
				CLANG_ANALYZER_NONNULL = YES;
				CLANG_ANALYZER_NUMBER_OBJECT_CONVERSION = YES_AGGRESSIVE;
				CLANG_CXX_LANGUAGE_STANDARD = "gnu++14";
				CLANG_CXX_LIBRARY = "libc++";
				CLANG_ENABLE_MODULES = YES;
				CLANG_ENABLE_OBJC_ARC = YES;
				CLANG_ENABLE_OBJC_WEAK = YES;
				CLANG_WARN_BLOCK_CAPTURE_AUTORELEASING = YES;
				CLANG_WARN_BOOL_CONVERSION = YES;
				CLANG_WARN_COMMA = YES;
				CLANG_WARN_CONSTANT_CONVERSION = YES;
				CLANG_WARN_DEPRECATED_OBJC_IMPLEMENTATIONS = YES;
				CLANG_WARN_DIRECT_OBJC_ISA_USAGE = YES_ERROR;
				CLANG_WARN_DOCUMENTATION_COMMENTS = YES;
				CLANG_WARN_EMPTY_BODY = YES;
				CLANG_WARN_ENUM_CONVERSION = YES;
				CLANG_WARN_INFINITE_RECURSION = YES;
				CLANG_WARN_INT_CONVERSION = YES;
				CLANG_WARN_NON_LITERAL_NULL_CONVERSION = YES;
				CLANG_WARN_OBJC_IMPLICIT_RETAIN_SELF = YES;
				CLANG_WARN_OBJC_LITERAL_CONVERSION = YES;
				CLANG_WARN_OBJC_ROOT_CLASS = YES_ERROR;
				CLANG_WARN_QUOTED_INCLUDE_IN_FRAMEWORK_HEADER = YES;
				CLANG_WARN_RANGE_LOOP_ANALYSIS = YES;
				CLANG_WARN_STRICT_PROTOTYPES = YES;
				CLANG_WARN_SUSPICIOUS_MOVE = YES;
				CLANG_WARN_UNGUARDED_AVAILABILITY = YES_AGGRESSIVE;
				CLANG_WARN_UNREACHABLE_CODE = YES;
				CLANG_WARN__DUPLICATE_METHOD_MATCH = YES;
				COPY_PHASE_STRIP = NO;
				DEBUG_INFORMATION_FORMAT = "dwarf-with-dsym";
				ENABLE_NS_ASSERTIONS = NO;
				ENABLE_STRICT_OBJC_MSGSEND = YES;
				GCC_C_LANGUAGE_STANDARD = gnu11;
				GCC_NO_COMMON_BLOCKS = YES;
				GCC_WARN_64_TO_32_BIT_CONVERSION = YES;
				GCC_WARN_ABOUT_RETURN_TYPE = YES_ERROR;
				GCC_WARN_UNDECLARED_SELECTOR = YES;
				GCC_WARN_UNINITIALIZED_AUTOS = YES_AGGRESSIVE;
				GCC_WARN_UNUSED_FUNCTION = YES;
				GCC_WARN_UNUSED_VARIABLE = YES;
				IPHONEOS_DEPLOYMENT_TARGET = 14.3;
				MTL_ENABLE_DEBUG_INFO = NO;
				MTL_FAST_MATH = YES;
				SDKROOT = iphoneos;
				SWIFT_COMPILATION_MODE = wholemodule;
				SWIFT_OPTIMIZATION_LEVEL = "-O";
				VALIDATE_PRODUCT = YES;
			};
			name = Release;
		};
		D7310BB725D70C690057AAF0 /* Debug */ = {
			isa = XCBuildConfiguration;
			baseConfigurationReference = C3FAE921DC2F50EC8803F7CF /* Pods-weatherAppChallange.debug.xcconfig */;
			buildSettings = {
				ASSETCATALOG_COMPILER_APPICON_NAME = AppIcon;
				ASSETCATALOG_COMPILER_GLOBAL_ACCENT_COLOR_NAME = AccentColor;
				CODE_SIGN_STYLE = Automatic;
				DEVELOPMENT_TEAM = MCBYN7KB6C;
				INFOPLIST_FILE = weatherAppChallange/Info.plist;
				LD_RUNPATH_SEARCH_PATHS = (
					"$(inherited)",
					"@executable_path/Frameworks",
				);
				PRODUCT_BUNDLE_IDENTIFIER = Goncalo.weatherAppChallange;
				PRODUCT_NAME = "$(TARGET_NAME)";
				SWIFT_VERSION = 5.0;
				TARGETED_DEVICE_FAMILY = "1,2";
			};
			name = Debug;
		};
		D7310BB825D70C690057AAF0 /* Release */ = {
			isa = XCBuildConfiguration;
			baseConfigurationReference = F6E598B8D4CE690626BEFDCC /* Pods-weatherAppChallange.release.xcconfig */;
			buildSettings = {
				ASSETCATALOG_COMPILER_APPICON_NAME = AppIcon;
				ASSETCATALOG_COMPILER_GLOBAL_ACCENT_COLOR_NAME = AccentColor;
				CODE_SIGN_STYLE = Automatic;
				DEVELOPMENT_TEAM = MCBYN7KB6C;
				INFOPLIST_FILE = weatherAppChallange/Info.plist;
				LD_RUNPATH_SEARCH_PATHS = (
					"$(inherited)",
					"@executable_path/Frameworks",
				);
				PRODUCT_BUNDLE_IDENTIFIER = Goncalo.weatherAppChallange;
				PRODUCT_NAME = "$(TARGET_NAME)";
				SWIFT_VERSION = 5.0;
				TARGETED_DEVICE_FAMILY = "1,2";
			};
			name = Release;
		};
/* End XCBuildConfiguration section */

/* Begin XCConfigurationList section */
		D7310B9D25D70C670057AAF0 /* Build configuration list for PBXProject "weatherAppChallange" */ = {
			isa = XCConfigurationList;
			buildConfigurations = (
				D7310BB425D70C690057AAF0 /* Debug */,
				D7310BB525D70C690057AAF0 /* Release */,
			);
			defaultConfigurationIsVisible = 0;
			defaultConfigurationName = Release;
		};
		D7310BB625D70C690057AAF0 /* Build configuration list for PBXNativeTarget "weatherAppChallange" */ = {
			isa = XCConfigurationList;
			buildConfigurations = (
				D7310BB725D70C690057AAF0 /* Debug */,
				D7310BB825D70C690057AAF0 /* Release */,
			);
			defaultConfigurationIsVisible = 0;
			defaultConfigurationName = Release;
		};
/* End XCConfigurationList section */
	};
	rootObject = D7310B9A25D70C670057AAF0 /* Project object */;
}
